
Microsoft Visual Studio Solution File, Format Version 12.00
# Visual Studio Version 17
VisualStudioVersion = 17.5.002.0
MinimumVisualStudioVersion = 10.0.40219.1
Project("{9A19103F-16F7-4668-BE54-9A1E7A4F7556}") = "csharpBootcamp", "csharpBootcamp.csproj", "{1F9FDCC5-EF7C-49A1-955D-E4880FAAE848}"
EndProject
Global
	GlobalSection(SolutionConfigurationPlatforms) = preSolution
		Debug|Any CPU = Debug|Any CPU
		Release|Any CPU = Release|Any CPU
	EndGlobalSection
	GlobalSection(ProjectConfigurationPlatforms) = postSolution
		{1F9FDCC5-EF7C-49A1-955D-E4880FAAE848}.Debug|Any CPU.ActiveCfg = Debug|Any CPU
		{1F9FDCC5-EF7C-49A1-955D-E4880FAAE848}.Debug|Any CPU.Build.0 = Debug|Any CPU
		{1F9FDCC5-EF7C-49A1-955D-E4880FAAE848}.Release|Any CPU.ActiveCfg = Release|Any CPU
		{1F9FDCC5-EF7C-49A1-955D-E4880FAAE848}.Release|Any CPU.Build.0 = Release|Any CPU
	EndGlobalSection
	GlobalSection(SolutionProperties) = preSolution
		HideSolutionNode = FALSE
	EndGlobalSection
	GlobalSection(ExtensibilityGlobals) = postSolution
		SolutionGuid = {E2114775-360E-4AD1-A92E-13C8C3FBEF14}
	EndGlobalSection
EndGlobal
